{
  "name": "html-webpack-inline-plugin",
  "version": "0.0.2",
  "lockfileVersion": 1,
  "requires": true,
  "dependencies": {
    "@jridgewell/gen-mapping": {
      "version": "0.3.5",
      "resolved": "http://artifactory.intra.xiaojukeji.com/artifactory/api/npm/npm/@jridgewell/gen-mapping/-/gen-mapping-0.3.5.tgz?dl=https%3A%2F%2Fregistry.npmmirror.com%2F%40jridgewell%2Fgen-mapping%2F-%2Fgen-mapping-0.3.5.tgz",
      "integrity": "sha512-IzL8ZoEDIBRWEzlCcRhOaCupYyN5gdIK+Q6fbFdPDg6HqX6jpkItn7DFIpW9LQzXG6Df9sA7+OKnq0qlz/GaQg==",
      "requires": {
        "@jridgewell/set-array": "^1.2.1",
        "@jridgewell/sourcemap-codec": "^1.4.10",
        "@jridgewell/trace-mapping": "^0.3.24"
      }
    },
    "@jridgewell/resolve-uri": {
      "version": "3.1.2",
      "resolved": "http://artifactory.intra.xiaojukeji.com/artifactory/api/npm/npm/@jridgewell/resolve-uri/-/resolve-uri-3.1.2.tgz?dl=https%3A%2F%2Fregistry.npmmirror.com%2F%40jridgewell%2Fresolve-uri%2F-%2Fresolve-uri-3.1.2.tgz",
      "integrity": "sha512-bRISgCIjP20/tbWSPWMEi54QVPRZExkuD9lJL+UIxUKtwVJA8wW1Trb1jMs1RFXo1CBTNZ/5hpC9QvmKWdopKw=="
    },
    "@jridgewell/set-array": {
      "version": "1.2.1",
      "resolved": "http://artifactory.intra.xiaojukeji.com/artifactory/api/npm/npm/@jridgewell/set-array/-/set-array-1.2.1.tgz?dl=https%3A%2F%2Fregistry.npmmirror.com%2F%40jridgewell%2Fset-array%2F-%2Fset-array-1.2.1.tgz",
      "integrity": "sha512-R8gLRTZeyp03ymzP/6Lil/28tGeGEzhx1q2k703KGWRAI1VdvPIXdG70VJc2pAMw3NA6JKL5hhFu1sJX0Mnn/A=="
    },
    "@jridgewell/source-map": {
      "version": "0.3.6",
      "resolved": "http://artifactory.intra.xiaojukeji.com/artifactory/api/npm/npm/@jridgewell/source-map/-/source-map-0.3.6.tgz?dl=https%3A%2F%2Fregistry.npmmirror.com%2F%40jridgewell%2Fsource-map%2F-%2Fsource-map-0.3.6.tgz",
      "integrity": "sha512-1ZJTZebgqllO79ue2bm3rIGud/bOe0pP5BjSRCRxxYkEZS8STV7zN84UBbiYu7jy+eCKSnVIUgoWWE/tt+shMQ==",
      "requires": {
        "@jridgewell/gen-mapping": "^0.3.5",
        "@jridgewell/trace-mapping": "^0.3.25"
      }
    },
    "@jridgewell/sourcemap-codec": {
      "version": "1.4.15",
      "resolved": "http://artifactory.intra.xiaojukeji.com/artifactory/api/npm/npm/@jridgewell/sourcemap-codec/-/sourcemap-codec-1.4.15.tgz?dl=https%3A%2F%2Fregistry.npmmirror.com%2F%40jridgewell%2Fsourcemap-codec%2F-%2Fsourcemap-codec-1.4.15.tgz",
      "integrity": "sha512-eF2rxCRulEKXHTRiDrDy6erMYWqNw4LPdQ8UQA4huuxaQsVeRPFl2oM8oDGxMFhJUWZf9McpLtJasDDZb/Bpeg=="
    },
    "@jridgewell/trace-mapping": {
      "version": "0.3.25",
      "resolved": "http://artifactory.intra.xiaojukeji.com/artifactory/api/npm/npm/@jridgewell/trace-mapping/-/trace-mapping-0.3.25.tgz?dl=https%3A%2F%2Fregistry.npmmirror.com%2F%40jridgewell%2Ftrace-mapping%2F-%2Ftrace-mapping-0.3.25.tgz",
      "integrity": "sha512-vNk6aEwybGtawWmy/PzwnGDOjCkLWSD2wqvjGGAgOAwCGWySYXfYoxt00IJkTF+8Lb57DwOb3Aa0o9CApepiYQ==",
      "requires": {
        "@jridgewell/resolve-uri": "^3.1.0",
        "@jridgewell/sourcemap-codec": "^1.4.14"
      }
    },
    "@trysound/sax": {
      "version": "0.2.0",
      "resolved": "http://artifactory.intra.xiaojukeji.com/artifactory/api/npm/npm/@trysound/sax/-/sax-0.2.0.tgz?dl=https%3A%2F%2Fregistry.npmmirror.com%2F%40trysound%2Fsax%2F-%2Fsax-0.2.0.tgz",
      "integrity": "sha512-L7z9BgrNEcYyUYtF+HaEfiS5ebkh9jXqbszz7pC0hRBPaatV0XjSD3+eHrpqFemQfgwiFF0QPIarnIihIDn7OA=="
    },
    "acorn": {
      "version": "8.12.0",
      "resolved": "http://artifactory.intra.xiaojukeji.com/artifactory/api/npm/npm/acorn/-/acorn-8.12.0.tgz?dl=https%3A%2F%2Fregistry.npmmirror.com%2Facorn%2F-%2Facorn-8.12.0.tgz",
      "integrity": "sha512-RTvkC4w+KNXrM39/lWCUaG0IbRkWdCv7W/IOW9oU6SawyxulvkQy5HQPVTKxEjczcUvapcrw3cFx/60VN/NRNw=="
    },
    "boolbase": {
      "version": "1.0.0",
      "resolved": "http://artifactory.intra.xiaojukeji.com/artifactory/api/npm/npm/boolbase/-/boolbase-1.0.0.tgz?dl=https%3A%2F%2Fregistry.npmmirror.com%2Fboolbase%2F-%2Fboolbase-1.0.0.tgz",
      "integrity": "sha512-JZOSA7Mo9sNGB8+UjSgzdLtokWAky1zbztM3WRLCbZ70/3cTANmQmOdR7y2g+J0e2WXywy1yS468tY+IruqEww=="
    },
    "buffer-from": {
      "version": "1.1.2",
      "resolved": "http://artifactory.intra.xiaojukeji.com/artifactory/api/npm/npm/buffer-from/-/buffer-from-1.1.2.tgz?dl=https%3A%2F%2Fregistry.npmmirror.com%2Fbuffer-from%2F-%2Fbuffer-from-1.1.2.tgz",
      "integrity": "sha512-E+XQCRwSbaaiChtv6k6Dwgc+bx+Bs6vuKJHHl5kox/BaKbhiXzqQOwK4cO22yElGp2OCmjwVhT3HmxgyPGnJfQ=="
    },
    "commander": {
      "version": "7.2.0",
      "resolved": "http://artifactory.intra.xiaojukeji.com/artifactory/api/npm/npm/commander/-/commander-7.2.0.tgz?dl=https%3A%2F%2Fregistry.npmmirror.com%2Fcommander%2F-%2Fcommander-7.2.0.tgz",
      "integrity": "sha512-QrWXB+ZQSVPmIWIhtEO9H+gwHaMGYiF5ChvoJ+K9ZGHG/sVsa6yiesAD1GC/x46sET00Xlwo1u49RVVVzvcSkw=="
    },
    "css-select": {
      "version": "5.1.0",
      "resolved": "http://artifactory.intra.xiaojukeji.com/artifactory/api/npm/npm/css-select/-/css-select-5.1.0.tgz?dl=https%3A%2F%2Fregistry.npmmirror.com%2Fcss-select%2F-%2Fcss-select-5.1.0.tgz",
      "integrity": "sha512-nwoRF1rvRRnnCqqY7updORDsuqKzqYJ28+oSMaJMMgOauh3fvwHqMS7EZpIPqK8GL+g9mKxF1vP/ZjSeNjEVHg==",
      "requires": {
        "boolbase": "^1.0.0",
        "css-what": "^6.1.0",
        "domhandler": "^5.0.2",
        "domutils": "^3.0.1",
        "nth-check": "^2.0.1"
      }
    },
    "css-tree": {
      "version": "2.2.1",
      "resolved": "http://artifactory.intra.xiaojukeji.com/artifactory/api/npm/npm/css-tree/-/css-tree-2.2.1.tgz?dl=https%3A%2F%2Fregistry.npmmirror.com%2Fcss-tree%2F-%2Fcss-tree-2.2.1.tgz",
      "integrity": "sha512-OA0mILzGc1kCOCSJerOeqDxDQ4HOh+G8NbOJFOTgOCzpw7fCBubk0fEyxp8AgOL/jvLgYA/uV0cMbe43ElF1JA==",
      "requires": {
        "mdn-data": "2.0.28",
        "source-map-js": "^1.0.1"
      }
    },
    "css-what": {
      "version": "6.1.0",
      "resolved": "http://artifactory.intra.xiaojukeji.com/artifactory/api/npm/npm/css-what/-/css-what-6.1.0.tgz?dl=https%3A%2F%2Fregistry.npmmirror.com%2Fcss-what%2F-%2Fcss-what-6.1.0.tgz",
      "integrity": "sha512-HTUrgRJ7r4dsZKU6GjmpfRK1O76h97Z8MfS1G0FozR+oF2kG6Vfe8JE6zwrkbxigziPHinCJ+gCPjA9EaBDtRw=="
    },
    "csso": {
      "version": "5.0.5",
      "resolved": "http://artifactory.intra.xiaojukeji.com/artifactory/api/npm/npm/csso/-/csso-5.0.5.tgz?dl=https%3A%2F%2Fregistry.npmmirror.com%2Fcsso%2F-%2Fcsso-5.0.5.tgz",
      "integrity": "sha512-0LrrStPOdJj+SPCCrGhzryycLjwcgUSHBtxNA8aIDxf0GLsRh1cKYhB00Gd1lDOS4yGH69+SNn13+TWbVHETFQ==",
      "requires": {
        "css-tree": "~2.2.0"
      }
    },
    "data-uri-to-buffer": {
      "version": "4.0.1",
      "resolved": "http://artifactory.intra.xiaojukeji.com/artifactory/api/npm/npm/data-uri-to-buffer/-/data-uri-to-buffer-4.0.1.tgz?dl=https%3A%2F%2Fregistry.npmmirror.com%2Fdata-uri-to-buffer%2F-%2Fdata-uri-to-buffer-4.0.1.tgz",
      "integrity": "sha512-0R9ikRb668HB7QDxT1vkpuUBtqc53YyAwMwGeUFKRojY/NWKvdZ+9UYtRfGmhqNbRkTSVpMbmyhXipFFv2cb/A=="
    },
    "dom-serializer": {
      "version": "2.0.0",
      "resolved": "http://artifactory.intra.xiaojukeji.com/artifactory/api/npm/npm/dom-serializer/-/dom-serializer-2.0.0.tgz?dl=https%3A%2F%2Fregistry.npmmirror.com%2Fdom-serializer%2F-%2Fdom-serializer-2.0.0.tgz",
      "integrity": "sha512-wIkAryiqt/nV5EQKqQpo3SToSOV9J0DnbJqwK7Wv/Trc92zIAYZ4FlMu+JPFW1DfGFt81ZTCGgDEabffXeLyJg==",
      "requires": {
        "domelementtype": "^2.3.0",
        "domhandler": "^5.0.2",
        "entities": "^4.2.0"
      }
    },
    "domelementtype": {
      "version": "2.3.0",
      "resolved": "http://artifactory.intra.xiaojukeji.com/artifactory/api/npm/npm/domelementtype/-/domelementtype-2.3.0.tgz?dl=https%3A%2F%2Fregistry.npmmirror.com%2Fdomelementtype%2F-%2Fdomelementtype-2.3.0.tgz",
      "integrity": "sha512-OLETBj6w0OsagBwdXnPdN0cnMfF9opN69co+7ZrbfPGrdpPVNBUj02spi6B1N7wChLQiPn4CSH/zJvXw56gmHw=="
    },
    "domhandler": {
      "version": "5.0.3",
      "resolved": "http://artifactory.intra.xiaojukeji.com/artifactory/api/npm/npm/domhandler/-/domhandler-5.0.3.tgz?dl=https%3A%2F%2Fregistry.npmmirror.com%2Fdomhandler%2F-%2Fdomhandler-5.0.3.tgz",
      "integrity": "sha512-cgwlv/1iFQiFnU96XXgROh8xTeetsnJiDsTc7TYCLFd9+/WNkIqPTxiM/8pSd8VIrhXGTf1Ny1q1hquVqDJB5w==",
      "requires": {
        "domelementtype": "^2.3.0"
      }
    },
    "domutils": {
      "version": "3.1.0",
      "resolved": "http://artifactory.intra.xiaojukeji.com/artifactory/api/npm/npm/domutils/-/domutils-3.1.0.tgz?dl=https%3A%2F%2Fregistry.npmmirror.com%2Fdomutils%2F-%2Fdomutils-3.1.0.tgz",
      "integrity": "sha512-H78uMmQtI2AhgDJjWeQmHwJJ2bLPD3GMmO7Zja/ZZh84wkm+4ut+IUnUdRa8uCGX88DiVx1j6FRe1XfxEgjEZA==",
      "requires": {
        "dom-serializer": "^2.0.0",
        "domelementtype": "^2.3.0",
        "domhandler": "^5.0.3"
      }
    },
    "entities": {
      "version": "4.5.0",
      "resolved": "http://artifactory.intra.xiaojukeji.com/artifactory/api/npm/npm/entities/-/entities-4.5.0.tgz?dl=https%3A%2F%2Fregistry.npmmirror.com%2Fentities%2F-%2Fentities-4.5.0.tgz",
      "integrity": "sha512-V0hjH4dGPh9Ao5p0MoRY6BVqtwCjhz6vI5LT8AJ55H+4g9/4vbHx1I54fS0XuclLhDHArPQCiMjDxjaL8fPxhw=="
    },
    "fetch-blob": {
      "version": "3.2.0",
      "resolved": "http://artifactory.intra.xiaojukeji.com/artifactory/api/npm/npm/fetch-blob/-/fetch-blob-3.2.0.tgz?dl=https%3A%2F%2Fregistry.npmmirror.com%2Ffetch-blob%2F-%2Ffetch-blob-3.2.0.tgz",
      "integrity": "sha512-7yAQpD2UMJzLi1Dqv7qFYnPbaPx7ZfFK6PiIxQ4PfkGPyNyl2Ugx+a/umUonmKqjhM4DnfbMvdX6otXq83soQQ==",
      "requires": {
        "node-domexception": "^1.0.0",
        "web-streams-polyfill": "^3.0.3"
      }
    },
    "formdata-polyfill": {
      "version": "4.0.10",
      "resolved": "http://artifactory.intra.xiaojukeji.com/artifactory/api/npm/npm/formdata-polyfill/-/formdata-polyfill-4.0.10.tgz?dl=https%3A%2F%2Fregistry.npmmirror.com%2Fformdata-polyfill%2F-%2Fformdata-polyfill-4.0.10.tgz",
      "integrity": "sha512-buewHzMvYL29jdeQTVILecSaZKnt/RJWjoZCF5OW60Z67/GmSLBkOFM7qh1PI3zFNtJbaZL5eQu1vLfazOwj4g==",
      "requires": {
        "fetch-blob": "^3.1.2"
      }
    },
    "htmlparser2": {
      "version": "9.1.0",
      "resolved": "http://artifactory.intra.xiaojukeji.com/artifactory/api/npm/npm/htmlparser2/-/htmlparser2-9.1.0.tgz?dl=https%3A%2F%2Fregistry.npmmirror.com%2Fhtmlparser2%2F-%2Fhtmlparser2-9.1.0.tgz",
      "integrity": "sha512-5zfg6mHUoaer/97TxnGpxmbR7zJtPwIYFMZ/H5ucTlPZhKvtum05yiPK3Mgai3a0DyVxv7qYqoweaEd2nrYQzQ==",
      "requires": {
        "domelementtype": "^2.3.0",
        "domhandler": "^5.0.3",
        "domutils": "^3.1.0",
        "entities": "^4.5.0"
      }
    },
    "inline-source": {
      "version": "8.0.3",
      "resolved": "http://artifactory.intra.xiaojukeji.com/artifactory/api/npm/npm/inline-source/-/inline-source-8.0.3.tgz?dl=https%3A%2F%2Fregistry.npmmirror.com%2Finline-source%2F-%2Finline-source-8.0.3.tgz",
      "integrity": "sha512-2k0V+qA8buiBSfchYGg6KgugU/YFboGRZyRWQS0AC1wPBIwehi63KVTKLuk7grnqtneafktIxMUn/nhCDCkW5Q==",
      "requires": {
        "csso": "^5.0.5",
        "htmlparser2": "^9.0.0",
        "node-fetch": "^3.3.2",
        "svgo": "^3.0.0",
        "terser": "^5.24.0"
      }
    },
    "mdn-data": {
      "version": "2.0.28",
      "resolved": "http://artifactory.intra.xiaojukeji.com/artifactory/api/npm/npm/mdn-data/-/mdn-data-2.0.28.tgz?dl=https%3A%2F%2Fregistry.npmmirror.com%2Fmdn-data%2F-%2Fmdn-data-2.0.28.tgz",
      "integrity": "sha512-aylIc7Z9y4yzHYAJNuESG3hfhC+0Ibp/MAMiaOZgNv4pmEdFyfZhhhny4MNiAfWdBQ1RQ2mfDWmM1x8SvGyp8g=="
    },
    "node-domexception": {
      "version": "1.0.0",
      "resolved": "http://artifactory.intra.xiaojukeji.com/artifactory/api/npm/npm/node-domexception/-/node-domexception-1.0.0.tgz?dl=https%3A%2F%2Fregistry.npmmirror.com%2Fnode-domexception%2F-%2Fnode-domexception-1.0.0.tgz",
      "integrity": "sha512-/jKZoMpw0F8GRwl4/eLROPA3cfcXtLApP0QzLmUT/HuPCZWyB7IY9ZrMeKw2O/nFIqPQB3PVM9aYm0F312AXDQ=="
    },
    "node-fetch": {
      "version": "3.3.2",
      "resolved": "http://artifactory.intra.xiaojukeji.com/artifactory/api/npm/npm/node-fetch/-/node-fetch-3.3.2.tgz?dl=https%3A%2F%2Fregistry.npmmirror.com%2Fnode-fetch%2F-%2Fnode-fetch-3.3.2.tgz",
      "integrity": "sha512-dRB78srN/l6gqWulah9SrxeYnxeddIG30+GOqK/9OlLVyLg3HPnr6SqOWTWOXKRwC2eGYCkZ59NNuSgvSrpgOA==",
      "requires": {
        "data-uri-to-buffer": "^4.0.0",
        "fetch-blob": "^3.1.4",
        "formdata-polyfill": "^4.0.10"
      }
    },
    "nth-check": {
      "version": "2.1.1",
      "resolved": "http://artifactory.intra.xiaojukeji.com/artifactory/api/npm/npm/nth-check/-/nth-check-2.1.1.tgz?dl=https%3A%2F%2Fregistry.npmmirror.com%2Fnth-check%2F-%2Fnth-check-2.1.1.tgz",
      "integrity": "sha512-lqjrjmaOoAnWfMmBPL+XNnynZh2+swxiX3WUE0s4yEHI6m+AwrK2UZOimIRl3X/4QctVqS8AiZjFqyOGrMXb/w==",
      "requires": {
        "boolbase": "^1.0.0"
      }
    },
    "picocolors": {
      "version": "1.0.1",
      "resolved": "http://artifactory.intra.xiaojukeji.com/artifactory/api/npm/npm/picocolors/-/picocolors-1.0.1.tgz?dl=https%3A%2F%2Fregistry.npmmirror.com%2Fpicocolors%2F-%2Fpicocolors-1.0.1.tgz",
      "integrity": "sha512-anP1Z8qwhkbmu7MFP5iTt+wQKXgwzf7zTyGlcdzabySa9vd0Xt392U0rVmz9poOaBj0uHJKyyo9/upk0HrEQew=="
    },
    "source-map": {
      "version": "0.6.1",
      "resolved": "http://artifactory.intra.xiaojukeji.com/artifactory/api/npm/npm/source-map/-/source-map-0.6.1.tgz?dl=https%3A%2F%2Fregistry.npmmirror.com%2Fsource-map%2F-%2Fsource-map-0.6.1.tgz",
      "integrity": "sha512-UjgapumWlbMhkBgzT7Ykc5YXUT46F0iKu8SGXq0bcwP5dz/h0Plj6enJqjz1Zbq2l5WaqYnrVbwWOWMyF3F47g=="
    },
    "source-map-js": {
      "version": "1.2.0",
      "resolved": "http://artifactory.intra.xiaojukeji.com/artifactory/api/npm/npm/source-map-js/-/source-map-js-1.2.0.tgz?dl=https%3A%2F%2Fregistry.npmmirror.com%2Fsource-map-js%2F-%2Fsource-map-js-1.2.0.tgz",
      "integrity": "sha512-itJW8lvSA0TXEphiRoawsCksnlf8SyvmFzIhltqAHluXd88pkCd+cXJVHTDwdCr0IzwptSm035IHQktUu1QUMg=="
    },
    "source-map-support": {
      "version": "0.5.21",
      "resolved": "http://artifactory.intra.xiaojukeji.com/artifactory/api/npm/npm/source-map-support/-/source-map-support-0.5.21.tgz?dl=https%3A%2F%2Fregistry.npmmirror.com%2Fsource-map-support%2F-%2Fsource-map-support-0.5.21.tgz",
      "integrity": "sha512-uBHU3L3czsIyYXKX88fdrGovxdSCoTGDRZ6SYXtSRxLZUzHg5P/66Ht6uoUlHu9EZod+inXhKo3qQgwXUT/y1w==",
      "requires": {
        "buffer-from": "^1.0.0",
        "source-map": "^0.6.0"
      }
    },
    "svgo": {
      "version": "3.3.2",
      "resolved": "http://artifactory.intra.xiaojukeji.com/artifactory/api/npm/npm/svgo/-/svgo-3.3.2.tgz?dl=https%3A%2F%2Fregistry.npmmirror.com%2Fsvgo%2F-%2Fsvgo-3.3.2.tgz",
      "integrity": "sha512-OoohrmuUlBs8B8o6MB2Aevn+pRIH9zDALSR+6hhqVfa6fRwG/Qw9VUMSMW9VNg2CFc/MTIfabtdOVl9ODIJjpw==",
      "requires": {
        "@trysound/sax": "0.2.0",
        "commander": "^7.2.0",
        "css-select": "^5.1.0",
        "css-tree": "^2.3.1",
        "css-what": "^6.1.0",
        "csso": "^5.0.5",
        "picocolors": "^1.0.0"
      },
      "dependencies": {
        "css-tree": {
          "version": "2.3.1",
          "resolved": "http://artifactory.intra.xiaojukeji.com/artifactory/api/npm/npm/css-tree/-/css-tree-2.3.1.tgz?dl=https%3A%2F%2Fregistry.npmmirror.com%2Fcss-tree%2F-%2Fcss-tree-2.3.1.tgz",
          "integrity": "sha512-6Fv1DV/TYw//QF5IzQdqsNDjx/wc8TrMBZsqjL9eW01tWb7R7k/mq+/VXfJCl7SoD5emsJop9cOByJZfs8hYIw==",
          "requires": {
            "mdn-data": "2.0.30",
            "source-map-js": "^1.0.1"
          }
        },
        "mdn-data": {
          "version": "2.0.30",
          "resolved": "http://artifactory.intra.xiaojukeji.com/artifactory/api/npm/npm/mdn-data/-/mdn-data-2.0.30.tgz?dl=https%3A%2F%2Fregistry.npmmirror.com%2Fmdn-data%2F-%2Fmdn-data-2.0.30.tgz",
          "integrity": "sha512-GaqWWShW4kv/G9IEucWScBx9G1/vsFZZJUO+tD26M8J8z3Kw5RDQjaoZe03YAClgeS/SWPOcb4nkFBTEi5DUEA=="
        }
      }
    },
    "terser": {
      "version": "5.31.1",
      "resolved": "http://artifactory.intra.xiaojukeji.com/artifactory/api/npm/npm/terser/-/terser-5.31.1.tgz?dl=https%3A%2F%2Fregistry.npmmirror.com%2Fterser%2F-%2Fterser-5.31.1.tgz",
      "integrity": "sha512-37upzU1+viGvuFtBo9NPufCb9dwM0+l9hMxYyWfBA+fbwrPqNJAhbZ6W47bBFnZHKHTUBnMvi87434qq+qnxOg==",
      "requires": {
        "@jridgewell/source-map": "^0.3.3",
        "acorn": "^8.8.2",
        "commander": "^2.20.0",
        "source-map-support": "~0.5.20"
      },
      "dependencies": {
        "commander": {
          "version": "2.20.3",
          "resolved": "http://artifactory.intra.xiaojukeji.com/artifactory/api/npm/npm/commander/-/commander-2.20.3.tgz?dl=https%3A%2F%2Fregistry.npmmirror.com%2Fcommander%2F-%2Fcommander-2.20.3.tgz",
          "integrity": "sha512-GpVkmM8vF2vQUkj2LvZmD35JxeJOLCwJ9cUkugyk2nuhbv3+mJvpLYYt+0+USMxE+oj+ey/lJEnhZw75x/OMcQ=="
        }
      }
    },
    "web-streams-polyfill": {
      "version": "3.3.3",
      "resolved": "http://artifactory.intra.xiaojukeji.com/artifactory/api/npm/npm/web-streams-polyfill/-/web-streams-polyfill-3.3.3.tgz?dl=https%3A%2F%2Fregistry.npmmirror.com%2Fweb-streams-polyfill%2F-%2Fweb-streams-polyfill-3.3.3.tgz",
      "integrity": "sha512-d2JWLCivmZYTSIoge9MsgFCZrt571BikcWGYkjC1khllbTeDlGqZ2D8vD8E/lJa8WGWbb7Plm8/XJYV7IJHZZw=="
    }
  }
}
